
Microsoft Visual Studio Solution File, Format Version 12.00
Project("{FAE04EC0-301F-11D3-BF4B-00C04F79EFBC}") = "SearchAnalytics.API", "SearchAnalytics.API\SearchAnalytics.API.csproj", "{30E5A5A5-D5DC-42D3-BA2D-03E9900F3676}"
EndProject
Project("{FAE04EC0-301F-11D3-BF4B-00C04F79EFBC}") = "SearchAnalytics.Core", "SearchAnalytics.Core\SearchAnalytics.Core.csproj", "{6384104F-CF2B-4A97-9815-21F3835DFC2C}"
EndProject
Project("{FAE04EC0-301F-11D3-BF4B-00C04F79EFBC}") = "SearchAnalytics.DB", "SearchAnalytics.DB\SearchAnalytics.DB.csproj", "{34DE3A6F-3275-49DD-ABA6-A096DC58E857}"
EndProject
Global
	GlobalSection(SolutionConfigurationPlatforms) = preSolution
		Debug|Any CPU = Debug|Any CPU
		Release|Any CPU = Release|Any CPU
	EndGlobalSection
	GlobalSection(ProjectConfigurationPlatforms) = postSolution
		{30E5A5A5-D5DC-42D3-BA2D-03E9900F3676}.Debug|Any CPU.ActiveCfg = Debug|Any CPU
		{30E5A5A5-D5DC-42D3-BA2D-03E9900F3676}.Debug|Any CPU.Build.0 = Debug|Any CPU
		{30E5A5A5-D5DC-42D3-BA2D-03E9900F3676}.Release|Any CPU.ActiveCfg = Release|Any CPU
		{30E5A5A5-D5DC-42D3-BA2D-03E9900F3676}.Release|Any CPU.Build.0 = Release|Any CPU
		{6384104F-CF2B-4A97-9815-21F3835DFC2C}.Debug|Any CPU.ActiveCfg = Debug|Any CPU
		{6384104F-CF2B-4A97-9815-21F3835DFC2C}.Debug|Any CPU.Build.0 = Debug|Any CPU
		{6384104F-CF2B-4A97-9815-21F3835DFC2C}.Release|Any CPU.ActiveCfg = Release|Any CPU
		{6384104F-CF2B-4A97-9815-21F3835DFC2C}.Release|Any CPU.Build.0 = Release|Any CPU
		{34DE3A6F-3275-49DD-ABA6-A096DC58E857}.Debug|Any CPU.ActiveCfg = Debug|Any CPU
		{34DE3A6F-3275-49DD-ABA6-A096DC58E857}.Debug|Any CPU.Build.0 = Debug|Any CPU
		{34DE3A6F-3275-49DD-ABA6-A096DC58E857}.Release|Any CPU.ActiveCfg = Release|Any CPU
		{34DE3A6F-3275-49DD-ABA6-A096DC58E857}.Release|Any CPU.Build.0 = Release|Any CPU
	EndGlobalSection
EndGlobal
